
Microsoft Visual Studio Solution File, Format Version 12.00
# Visual Studio Version 16
VisualStudioVersion = 16.0.29613.14
MinimumVisualStudioVersion = 10.0.40219.1
Project("{FAE04EC0-301F-11D3-BF4B-00C04F79EFBC}") = "mySimpleMenu", "mySimpleMenu\mySimpleMenu.csproj", "{DC28FF89-1B10-4AD8-B2D5-EAD4C7A077F8}"
EndProject
Global
	GlobalSection(SolutionConfigurationPlatforms) = preSolution
		Debug|Any CPU = Debug|Any CPU
		Release|Any CPU = Release|Any CPU
	EndGlobalSection
	GlobalSection(ProjectConfigurationPlatforms) = postSolution
		{DC28FF89-1B10-4AD8-B2D5-EAD4C7A077F8}.Debug|Any CPU.ActiveCfg = Debug|Any CPU
		{DC28FF89-1B10-4AD8-B2D5-EAD4C7A077F8}.Debug|Any CPU.Build.0 = Debug|Any CPU
		{DC28FF89-1B10-4AD8-B2D5-EAD4C7A077F8}.Release|Any CPU.ActiveCfg = Release|Any CPU
		{DC28FF89-1B10-4AD8-B2D5-EAD4C7A077F8}.Release|Any CPU.Build.0 = Release|Any CPU
	EndGlobalSection
	GlobalSection(SolutionProperties) = preSolution
		HideSolutionNode = FALSE
	EndGlobalSection
	GlobalSection(ExtensibilityGlobals) = postSolution
		SolutionGuid = {B6379930-2AC9-4F30-BC13-95FF53B98D95}
	EndGlobalSection
EndGlobal
